
Microsoft Visual Studio Solution File, Format Version 12.00
# Visual Studio Version 17
VisualStudioVersion = 17.7.34202.233
MinimumVisualStudioVersion = 10.0.40219.1
Project("{9A19103F-16F7-4668-BE54-9A1E7A4F7556}") = "Server", "Server\Server.csproj", "{6BEF4367-DAF8-46D8-9E1B-FDB5766540CA}"
EndProject
Project("{9A19103F-16F7-4668-BE54-9A1E7A4F7556}") = "Client", "Client\Client.csproj", "{F610FDA9-1E90-4754-8E01-A00DECEA5C5F}"
EndProject
Project("{FAE04EC0-301F-11D3-BF4B-00C04F79EFBC}") = "OtherServer", "OtherServer\OtherServer.csproj", "{ACAED5E3-0E1B-472A-8653-323492B57877}"
EndProject
Global
	GlobalSection(SolutionConfigurationPlatforms) = preSolution
		Debug|Any CPU = Debug|Any CPU
		Release|Any CPU = Release|Any CPU
	EndGlobalSection
	GlobalSection(ProjectConfigurationPlatforms) = postSolution
		{6BEF4367-DAF8-46D8-9E1B-FDB5766540CA}.Debug|Any CPU.ActiveCfg = Debug|Any CPU
		{6BEF4367-DAF8-46D8-9E1B-FDB5766540CA}.Debug|Any CPU.Build.0 = Debug|Any CPU
		{6BEF4367-DAF8-46D8-9E1B-FDB5766540CA}.Release|Any CPU.ActiveCfg = Release|Any CPU
		{6BEF4367-DAF8-46D8-9E1B-FDB5766540CA}.Release|Any CPU.Build.0 = Release|Any CPU
		{F610FDA9-1E90-4754-8E01-A00DECEA5C5F}.Debug|Any CPU.ActiveCfg = Debug|Any CPU
		{F610FDA9-1E90-4754-8E01-A00DECEA5C5F}.Debug|Any CPU.Build.0 = Debug|Any CPU
		{F610FDA9-1E90-4754-8E01-A00DECEA5C5F}.Release|Any CPU.ActiveCfg = Release|Any CPU
		{F610FDA9-1E90-4754-8E01-A00DECEA5C5F}.Release|Any CPU.Build.0 = Release|Any CPU
		{ACAED5E3-0E1B-472A-8653-323492B57877}.Debug|Any CPU.ActiveCfg = Debug|Any CPU
		{ACAED5E3-0E1B-472A-8653-323492B57877}.Debug|Any CPU.Build.0 = Debug|Any CPU
		{ACAED5E3-0E1B-472A-8653-323492B57877}.Release|Any CPU.ActiveCfg = Release|Any CPU
		{ACAED5E3-0E1B-472A-8653-323492B57877}.Release|Any CPU.Build.0 = Release|Any CPU
	EndGlobalSection
	GlobalSection(SolutionProperties) = preSolution
		HideSolutionNode = FALSE
	EndGlobalSection
	GlobalSection(ExtensibilityGlobals) = postSolution
		SolutionGuid = {4618CAE7-C466-48F0-8E10-8CCD81192EE8}
	EndGlobalSection
EndGlobal
